
Microsoft Visual Studio Solution File, Format Version 12.00
# Visual Studio Version 16
VisualStudioVersion = 16.0.30011.22
MinimumVisualStudioVersion = 10.0.40219.1
Project("{FAE04EC0-301F-11D3-BF4B-00C04F79EFBC}") = "Lab01", "Lab01.csproj", "{CBDE7EF1-7E03-4287-A254-CB9FEF3F7D22}"
EndProject
Global
	GlobalSection(SolutionConfigurationPlatforms) = preSolution
		Debug|Any CPU = Debug|Any CPU
		Release|Any CPU = Release|Any CPU
	EndGlobalSection
	GlobalSection(ProjectConfigurationPlatforms) = postSolution
		{CBDE7EF1-7E03-4287-A254-CB9FEF3F7D22}.Debug|Any CPU.ActiveCfg = Debug|Any CPU
		{CBDE7EF1-7E03-4287-A254-CB9FEF3F7D22}.Debug|Any CPU.Build.0 = Debug|Any CPU
		{CBDE7EF1-7E03-4287-A254-CB9FEF3F7D22}.Release|Any CPU.ActiveCfg = Release|Any CPU
		{CBDE7EF1-7E03-4287-A254-CB9FEF3F7D22}.Release|Any CPU.Build.0 = Release|Any CPU
	EndGlobalSection
	GlobalSection(SolutionProperties) = preSolution
		HideSolutionNode = FALSE
	EndGlobalSection
	GlobalSection(ExtensibilityGlobals) = postSolution
		SolutionGuid = {3C686810-1F2D-4615-944B-F9EB8EC66073}
	EndGlobalSection
EndGlobal
